// !$*UTF8*$!
{
	archiveVersion = 1;
	classes = {
	};
	objectVersion = 50;
	objects = {

/* Begin PBXBuildFile section */
		C90F8260210867DD00BF899C /* AppDelegate.swift in Sources */ = {isa = PBXBuildFile; fileRef = C90F825F210867DD00BF899C /* AppDelegate.swift */; };
		C90F8262210867DD00BF899C /* ViewController.swift in Sources */ = {isa = PBXBuildFile; fileRef = C90F8261210867DD00BF899C /* ViewController.swift */; };
		C90F8265210867DD00BF899C /* Main.storyboard in Resources */ = {isa = PBXBuildFile; fileRef = C90F8263210867DD00BF899C /* Main.storyboard */; };
		C90F8267210867E500BF899C /* Assets.xcassets in Resources */ = {isa = PBXBuildFile; fileRef = C90F8266210867E500BF899C /* Assets.xcassets */; };
		C90F826A210867E500BF899C /* LaunchScreen.storyboard in Resources */ = {isa = PBXBuildFile; fileRef = C90F8268210867E500BF899C /* LaunchScreen.storyboard */; };
		C90F827A210871E800BF899C /* CustomCellWithCollectionView.swift in Sources */ = {isa = PBXBuildFile; fileRef = C90F8278210871E800BF899C /* CustomCellWithCollectionView.swift */; };
		C90F827B210871E800BF899C /* CustomCellWithCollectionView.xib in Resources */ = {isa = PBXBuildFile; fileRef = C90F8279210871E800BF899C /* CustomCellWithCollectionView.xib */; };
		C90F827F2108743F00BF899C /* CollectionViewCustomCell.swift in Sources */ = {isa = PBXBuildFile; fileRef = C90F827D2108743F00BF899C /* CollectionViewCustomCell.swift */; };
		C90F82802108743F00BF899C /* CollectionViewCustomCell.xib in Resources */ = {isa = PBXBuildFile; fileRef = C90F827E2108743F00BF899C /* CollectionViewCustomCell.xib */; };
/* End PBXBuildFile section */

/* Begin PBXFileReference section */
		C90F825C210867DD00BF899C /* DynamicCellSizingApp.app */ = {isa = PBXFileReference; explicitFileType = wrapper.application; includeInIndex = 0; path = DynamicCellSizingApp.app; sourceTree = BUILT_PRODUCTS_DIR; };
		C90F825F210867DD00BF899C /* AppDelegate.swift */ = {isa = PBXFileReference; lastKnownFileType = sourcecode.swift; path = AppDelegate.swift; sourceTree = "<group>"; };
		C90F8261210867DD00BF899C /* ViewController.swift */ = {isa = PBXFileReference; lastKnownFileType = sourcecode.swift; path = ViewController.swift; sourceTree = "<group>"; };
		C90F8264210867DD00BF899C /* Base */ = {isa = PBXFileReference; lastKnownFileType = file.storyboard; name = Base; path = Base.lproj/Main.storyboard; sourceTree = "<group>"; };
		C90F8266210867E500BF899C /* Assets.xcassets */ = {isa = PBXFileReference; lastKnownFileType = folder.assetcatalog; path = Assets.xcassets; sourceTree = "<group>"; };
		C90F8269210867E500BF899C /* Base */ = {isa = PBXFileReference; lastKnownFileType = file.storyboard; name = Base; path = Base.lproj/LaunchScreen.storyboard; sourceTree = "<group>"; };
		C90F826B210867E500BF899C /* Info.plist */ = {isa = PBXFileReference; lastKnownFileType = text.plist.xml; path = Info.plist; sourceTree = "<group>"; };
		C90F8278210871E800BF899C /* CustomCellWithCollectionView.swift */ = {isa = PBXFileReference; lastKnownFileType = sourcecode.swift; path = CustomCellWithCollectionView.swift; sourceTree = "<group>"; };
		C90F8279210871E800BF899C /* CustomCellWithCollectionView.xib */ = {isa = PBXFileReference; lastKnownFileType = file.xib; path = CustomCellWithCollectionView.xib; sourceTree = "<group>"; };
		C90F827D2108743F00BF899C /* CollectionViewCustomCell.swift */ = {isa = PBXFileReference; lastKnownFileType = sourcecode.swift; path = CollectionViewCustomCell.swift; sourceTree = "<group>"; };
		C90F827E2108743F00BF899C /* CollectionViewCustomCell.xib */ = {isa = PBXFileReference; lastKnownFileType = file.xib; path = CollectionViewCustomCell.xib; sourceTree = "<group>"; };
/* End PBXFileReference section */

/* Begin PBXFrameworksBuildPhase section */
		C90F8259210867DD00BF899C /* Frameworks */ = {
			isa = PBXFrameworksBuildPhase;
			buildActionMask = 2147483647;
			files = (
			);
			runOnlyForDeploymentPostprocessing = 0;
		};
/* End PBXFrameworksBuildPhase section */

/* Begin PBXGroup section */
		C90F8253210867DD00BF899C = {
			isa = PBXGroup;
			children = (
				C90F825E210867DD00BF899C /* DynamicCellSizingApp */,
				C90F825D210867DD00BF899C /* Products */,
			);
			sourceTree = "<group>";
		};
		C90F825D210867DD00BF899C /* Products */ = {
			isa = PBXGroup;
			children = (
				C90F825C210867DD00BF899C /* DynamicCellSizingApp.app */,
			);
			name = Products;
			sourceTree = "<group>";
		};
		C90F825E210867DD00BF899C /* DynamicCellSizingApp */ = {
			isa = PBXGroup;
			children = (
				C90F825F210867DD00BF899C /* AppDelegate.swift */,
				C90F8261210867DD00BF899C /* ViewController.swift */,
				C90F8263210867DD00BF899C /* Main.storyboard */,
				C90F8266210867E500BF899C /* Assets.xcassets */,
				C90F8268210867E500BF899C /* LaunchScreen.storyboard */,
				C90F826B210867E500BF899C /* Info.plist */,
				C90F827C210871EB00BF899C /* TableCustomCell */,
				C90F82812108744200BF899C /* CollectionCustomCell1 */,
			);
			path = DynamicCellSizingApp;
			sourceTree = "<group>";
		};
		C90F827C210871EB00BF899C /* TableCustomCell */ = {
			isa = PBXGroup;
			children = (
				C90F8278210871E800BF899C /* CustomCellWithCollectionView.swift */,
				C90F8279210871E800BF899C /* CustomCellWithCollectionView.xib */,
			);
			name = TableCustomCell;
			sourceTree = "<group>";
		};
		C90F82812108744200BF899C /* CollectionCustomCell1 */ = {
			isa = PBXGroup;
			children = (
				C90F827D2108743F00BF899C /* CollectionViewCustomCell.swift */,
				C90F827E2108743F00BF899C /* CollectionViewCustomCell.xib */,
			);
			path = CollectionCustomCell1;
			sourceTree = "<group>";
		};
/* End PBXGroup section */

/* Begin PBXNativeTarget section */
		C90F825B210867DD00BF899C /* DynamicCellSizingApp */ = {
			isa = PBXNativeTarget;
			buildConfigurationList = C90F826E210867E500BF899C /* Build configuration list for PBXNativeTarget "DynamicCellSizingApp" */;
			buildPhases = (
				C90F8258210867DD00BF899C /* Sources */,
				C90F8259210867DD00BF899C /* Frameworks */,
				C90F825A210867DD00BF899C /* Resources */,
			);
			buildRules = (
			);
			dependencies = (
			);
			name = DynamicCellSizingApp;
			productName = DynamicCellSizingApp;
			productReference = C90F825C210867DD00BF899C /* DynamicCellSizingApp.app */;
			productType = "com.apple.product-type.application";
		};
/* End PBXNativeTarget section */

/* Begin PBXProject section */
		C90F8254210867DD00BF899C /* Project object */ = {
			isa = PBXProject;
			attributes = {
				LastSwiftUpdateCheck = 0940;
				LastUpgradeCheck = 0940;
				ORGANIZATIONNAME = "Sanad Barjawi";
				TargetAttributes = {
					C90F825B210867DD00BF899C = {
						CreatedOnToolsVersion = 9.4.1;
					};
				};
			};
			buildConfigurationList = C90F8257210867DD00BF899C /* Build configuration list for PBXProject "DynamicCellSizingApp" */;
			compatibilityVersion = "Xcode 9.3";
			developmentRegion = en;
			hasScannedForEncodings = 0;
			knownRegions = (
				en,
				Base,
			);
			mainGroup = C90F8253210867DD00BF899C;
			productRefGroup = C90F825D210867DD00BF899C /* Products */;
			projectDirPath = "";
			projectRoot = "";
			targets = (
				C90F825B210867DD00BF899C /* DynamicCellSizingApp */,
			);
		};
/* End PBXProject section */

/* Begin PBXResourcesBuildPhase section */
		C90F825A210867DD00BF899C /* Resources */ = {
			isa = PBXResourcesBuildPhase;
			buildActionMask = 2147483647;
			files = (
				C90F827B210871E800BF899C /* CustomCellWithCollectionView.xib in Resources */,
				C90F826A210867E500BF899C /* LaunchScreen.storyboard in Resources */,
				C90F8267210867E500BF899C /* Assets.xcassets in Resources */,
				C90F82802108743F00BF899C /* CollectionViewCustomCell.xib in Resources */,
				C90F8265210867DD00BF899C /* Main.storyboard in Resources */,
			);
			runOnlyForDeploymentPostprocessing = 0;
		};
/* End PBXResourcesBuildPhase section */

/* Begin PBXSourcesBuildPhase section */
		C90F8258210867DD00BF899C /* Sources */ = {
			isa = PBXSourcesBuildPhase;
			buildActionMask = 2147483647;
			files = (
				C90F8262210867DD00BF899C /* ViewController.swift in Sources */,
				C90F827F2108743F00BF899C /* CollectionViewCustomCell.swift in Sources */,
				C90F8260210867DD00BF899C /* AppDelegate.swift in Sources */,
				C90F827A210871E800BF899C /* CustomCellWithCollectionView.swift in Sources */,
			);
			runOnlyForDeploymentPostprocessing = 0;
		};
/* End PBXSourcesBuildPhase section */

/* Begin PBXVariantGroup section */
		C90F8263210867DD00BF899C /* Main.storyboard */ = {
			isa = PBXVariantGroup;
			children = (
				C90F8264210867DD00BF899C /* Base */,
			);
			name = Main.storyboard;
			sourceTree = "<group>";
		};
		C90F8268210867E500BF899C /* LaunchScreen.storyboard */ = {
			isa = PBXVariantGroup;
			children = (
				C90F8269210867E500BF899C /* Base */,
			);
			name = LaunchScreen.storyboard;
			sourceTree = "<group>";
		};
/* End PBXVariantGroup section */

/* Begin XCBuildConfiguration section */
		C90F826C210867E500BF899C /* Debug */ = {
			isa = XCBuildConfiguration;
			buildSettings = {
				ALWAYS_SEARCH_USER_PATHS = NO;
				CLANG_ANALYZER_NONNULL = YES;
				CLANG_ANALYZER_NUMBER_OBJECT_CONVERSION = YES_AGGRESSIVE;
				CLANG_CXX_LANGUAGE_STANDARD = "gnu++14";
				CLANG_CXX_LIBRARY = "libc++";
				CLANG_ENABLE_MODULES = YES;
				CLANG_ENABLE_OBJC_ARC = YES;
				CLANG_ENABLE_OBJC_WEAK = YES;
				CLANG_WARN_BLOCK_CAPTURE_AUTORELEASING = YES;
				CLANG_WARN_BOOL_CONVERSION = YES;
				CLANG_WARN_COMMA = YES;
				CLANG_WARN_CONSTANT_CONVERSION = YES;
				CLANG_WARN_DEPRECATED_OBJC_IMPLEMENTATIONS = YES;
				CLANG_WARN_DIRECT_OBJC_ISA_USAGE = YES_ERROR;
				CLANG_WARN_DOCUMENTATION_COMMENTS = YES;
				CLANG_WARN_EMPTY_BODY = YES;
				CLANG_WARN_ENUM_CONVERSION = YES;
				CLANG_WARN_INFINITE_RECURSION = YES;
				CLANG_WARN_INT_CONVERSION = YES;
				CLANG_WARN_NON_LITERAL_NULL_CONVERSION = YES;
				CLANG_WARN_OBJC_IMPLICIT_RETAIN_SELF = YES;
				CLANG_WARN_OBJC_LITERAL_CONVERSION = YES;
				CLANG_WARN_OBJC_ROOT_CLASS = YES_ERROR;
				CLANG_WARN_RANGE_LOOP_ANALYSIS = YES;
				CLANG_WARN_STRICT_PROTOTYPES = YES;
				CLANG_WARN_SUSPICIOUS_MOVE = YES;
				CLANG_WARN_UNGUARDED_AVAILABILITY = YES_AGGRESSIVE;
				CLANG_WARN_UNREACHABLE_CODE = YES;
				CLANG_WARN__DUPLICATE_METHOD_MATCH = YES;
				CODE_SIGN_IDENTITY = "iPhone Developer";
				COPY_PHASE_STRIP = NO;
				DEBUG_INFORMATION_FORMAT = dwarf;
				ENABLE_STRICT_OBJC_MSGSEND = YES;
				ENABLE_TESTABILITY = YES;
				GCC_C_LANGUAGE_STANDARD = gnu11;
				GCC_DYNAMIC_NO_PIC = NO;
				GCC_NO_COMMON_BLOCKS = YES;
				GCC_OPTIMIZATION_LEVEL = 0;
				GCC_PREPROCESSOR_DEFINITIONS = (
					"DEBUG=1",
					"$(inherited)",
				);
				GCC_WARN_64_TO_32_BIT_CONVERSION = YES;
				GCC_WARN_ABOUT_RETURN_TYPE = YES_ERROR;
				GCC_WARN_UNDECLARED_SELECTOR = YES;
				GCC_WARN_UNINITIALIZED_AUTOS = YES_AGGRESSIVE;
				GCC_WARN_UNUSED_FUNCTION = YES;
				GCC_WARN_UNUSED_VARIABLE = YES;
				IPHONEOS_DEPLOYMENT_TARGET = 11.4;
				MTL_ENABLE_DEBUG_INFO = YES;
				ONLY_ACTIVE_ARCH = YES;
				SDKROOT = iphoneos;
				SWIFT_ACTIVE_COMPILATION_CONDITIONS = DEBUG;
				SWIFT_OPTIMIZATION_LEVEL = "-Onone";
			};
			name = Debug;
		};
		C90F826D210867E500BF899C /* Release */ = {
			isa = XCBuildConfiguration;
			buildSettings = {
				ALWAYS_SEARCH_USER_PATHS = NO;
				CLANG_ANALYZER_NONNULL = YES;
				CLANG_ANALYZER_NUMBER_OBJECT_CONVERSION = YES_AGGRESSIVE;
				CLANG_CXX_LANGUAGE_STANDARD = "gnu++14";
				CLANG_CXX_LIBRARY = "libc++";
				CLANG_ENABLE_MODULES = YES;
				CLANG_ENABLE_OBJC_ARC = YES;
				CLANG_ENABLE_OBJC_WEAK = YES;
				CLANG_WARN_BLOCK_CAPTURE_AUTORELEASING = YES;
				CLANG_WARN_BOOL_CONVERSION = YES;
				CLANG_WARN_COMMA = YES;
				CLANG_WARN_CONSTANT_CONVERSION = YES;
				CLANG_WARN_DEPRECATED_OBJC_IMPLEMENTATIONS = YES;
				CLANG_WARN_DIRECT_OBJC_ISA_USAGE = YES_ERROR;
				CLANG_WARN_DOCUMENTATION_COMMENTS = YES;
				CLANG_WARN_EMPTY_BODY = YES;
				CLANG_WARN_ENUM_CONVERSION = YES;
				CLANG_WARN_INFINITE_RECURSION = YES;
				CLANG_WARN_INT_CONVERSION = YES;
				CLANG_WARN_NON_LITERAL_NULL_CONVERSION = YES;
				CLANG_WARN_OBJC_IMPLICIT_RETAIN_SELF = YES;
				CLANG_WARN_OBJC_LITERAL_CONVERSION = YES;
				CLANG_WARN_OBJC_ROOT_CLASS = YES_ERROR;
				CLANG_WARN_RANGE_LOOP_ANALYSIS = YES;
				CLANG_WARN_STRICT_PROTOTYPES = YES;
				CLANG_WARN_SUSPICIOUS_MOVE = YES;
				CLANG_WARN_UNGUARDED_AVAILABILITY = YES_AGGRESSIVE;
				CLANG_WARN_UNREACHABLE_CODE = YES;
				CLANG_WARN__DUPLICATE_METHOD_MATCH = YES;
				CODE_SIGN_IDENTITY = "iPhone Developer";
				COPY_PHASE_STRIP = NO;
				DEBUG_INFORMATION_FORMAT = "dwarf-with-dsym";
				ENABLE_NS_ASSERTIONS = NO;
				ENABLE_STRICT_OBJC_MSGSEND = YES;
				GCC_C_LANGUAGE_STANDARD = gnu11;
				GCC_NO_COMMON_BLOCKS = YES;
				GCC_WARN_64_TO_32_BIT_CONVERSION = YES;
				GCC_WARN_ABOUT_RETURN_TYPE = YES_ERROR;
				GCC_WARN_UNDECLARED_SELECTOR = YES;
				GCC_WARN_UNINITIALIZED_AUTOS = YES_AGGRESSIVE;
				GCC_WARN_UNUSED_FUNCTION = YES;
				GCC_WARN_UNUSED_VARIABLE = YES;
				IPHONEOS_DEPLOYMENT_TARGET = 11.4;
				MTL_ENABLE_DEBUG_INFO = NO;
				SDKROOT = iphoneos;
				SWIFT_COMPILATION_MODE = wholemodule;
				SWIFT_OPTIMIZATION_LEVEL = "-O";
				VALIDATE_PRODUCT = YES;
			};
			name = Release;
		};
		C90F826F210867E500BF899C /* Debug */ = {
			isa = XCBuildConfiguration;
			buildSettings = {
				ASSETCATALOG_COMPILER_APPICON_NAME = AppIcon;
				CODE_SIGN_STYLE = Automatic;
				DEVELOPMENT_TEAM = L2N3VT93X7;
				INFOPLIST_FILE = DynamicCellSizingApp/Info.plist;
				LD_RUNPATH_SEARCH_PATHS = (
					"$(inherited)",
					"@executable_path/Frameworks",
				);
				PRODUCT_BUNDLE_IDENTIFIER = "com-sanadbarj.DynamicCellSizingApp";
				PRODUCT_NAME = "$(TARGET_NAME)";
				SWIFT_VERSION = 4.0;
				TARGETED_DEVICE_FAMILY = "1,2";
			};
			name = Debug;
		};
		C90F8270210867E500BF899C /* Release */ = {
			isa = XCBuildConfiguration;
			buildSettings = {
				ASSETCATALOG_COMPILER_APPICON_NAME = AppIcon;
				CODE_SIGN_STYLE = Automatic;
				DEVELOPMENT_TEAM = L2N3VT93X7;
				INFOPLIST_FILE = DynamicCellSizingApp/Info.plist;
				LD_RUNPATH_SEARCH_PATHS = (
					"$(inherited)",
					"@executable_path/Frameworks",
				);
				PRODUCT_BUNDLE_IDENTIFIER = "com-sanadbarj.DynamicCellSizingApp";
				PRODUCT_NAME = "$(TARGET_NAME)";
				SWIFT_VERSION = 4.0;
				TARGETED_DEVICE_FAMILY = "1,2";
			};
			name = Release;
		};
/* End XCBuildConfiguration section */

/* Begin XCConfigurationList section */
		C90F8257210867DD00BF899C /* Build configuration list for PBXProject "DynamicCellSizingApp" */ = {
			isa = XCConfigurationList;
			buildConfigurations = (
				C90F826C210867E500BF899C /* Debug */,
				C90F826D210867E500BF899C /* Release */,
			);
			defaultConfigurationIsVisible = 0;
			defaultConfigurationName = Release;
		};
		C90F826E210867E500BF899C /* Build configuration list for PBXNativeTarget "DynamicCellSizingApp" */ = {
			isa = XCConfigurationList;
			buildConfigurations = (
				C90F826F210867E500BF899C /* Debug */,
				C90F8270210867E500BF899C /* Release */,
			);
			defaultConfigurationIsVisible = 0;
			defaultConfigurationName = Release;
		};
/* End XCConfigurationList section */
	};
	rootObject = C90F8254210867DD00BF899C /* Project object */;
}
